{
  "nodes": {
    "agenix": {
      "inputs": {
        "darwin": [],
        "home-manager": [
          "home-manager"
        ],
        "nixpkgs": [
          "nixpkgs"
        ],
        "systems": "systems"
      },
      "locked": {
        "lastModified": 1762618334,
        "narHash": "sha256-wyT7Pl6tMFbFrs8Lk/TlEs81N6L+VSybPfiIgzU8lbQ=",
        "owner": "ryantm",
        "repo": "agenix",
        "rev": "fcdea223397448d35d9b31f798479227e80183f6",
        "type": "github"
      },
      "original": {
        "owner": "ryantm",
        "repo": "agenix",
        "type": "github"
      }
    },
    "dankMaterialShell": {
      "inputs": {
        "dgop": [
          "dgop"
        ],
        "nixpkgs": [
          "nixpkgs"
        ]
      },
      "locked": {
        "lastModified": 1763357460,
        "narHash": "sha256-1KbXjNoaT5h4X4ujEKsCv/N4n2C2D+7szTUNOmPMe3s=",
        "owner": "AvengeMedia",
        "repo": "DankMaterialShell",
        "rev": "d76930013763fa59852a1515653ad7156fabbb87",
        "type": "github"
      },
      "original": {
        "owner": "AvengeMedia",
        "repo": "DankMaterialShell",
        "type": "github"
      }
    },
    "dgop": {
      "inputs": {
        "nixpkgs": [
          "nixpkgs"
        ]
      },
      "locked": {
        "lastModified": 1762835999,
        "narHash": "sha256-UykYGrGFOFTmDpKTLNxj1wvd1gbDG4TkqLNSbV0TYwk=",
        "owner": "AvengeMedia",
        "repo": "dgop",
        "rev": "799301991cd5dcea9b64245f9d500dcc76615653",
        "type": "github"
      },
      "original": {
        "owner": "AvengeMedia",
        "repo": "dgop",
        "type": "github"
      }
    },
    "dms-emoji-launcher": {
      "flake": false,
      "locked": {
        "lastModified": 1762727274,
        "narHash": "sha256-aub5pXRMlMs7dxiv5P+/Rz/dA4weojr+SGZAItmbOvo=",
        "owner": "devnullvoid",
        "repo": "dms-emoji-launcher",
        "rev": "2951ec7f823c983c11b6b231403581a386a7c9f6",
        "type": "github"
      },
      "original": {
        "owner": "devnullvoid",
        "repo": "dms-emoji-launcher",
        "type": "github"
      }
    },
    "dms-plugins": {
      "flake": false,
      "locked": {
        "lastModified": 1762786607,
        "narHash": "sha256-qGseA9QsSXEffTKOvLjJDgW0V5Ej39Mc+fcMP2dcNCM=",
        "owner": "AvengeMedia",
        "repo": "dms-plugins",
        "rev": "2b2353cace2bb63c3559f32576c028d52498c86c",
        "type": "github"
      },
      "original": {
        "owner": "AvengeMedia",
        "repo": "dms-plugins",
        "type": "github"
      }
    },
    "dms-wallpaperengine": {
      "flake": false,
      "locked": {
        "lastModified": 1763137578,
        "narHash": "sha256-dDh3PMqM2cLO+lXgrmA1iuXliylwTwRQ2npPaLo2xg4=",
        "owner": "sgtaziz",
        "repo": "dms-wallpaperengine",
        "rev": "ba7330130b8a010accefddff03e86b715affffd6",
        "type": "github"
      },
      "original": {
        "owner": "sgtaziz",
        "repo": "dms-wallpaperengine",
        "type": "github"
      }
    },
    "easyeffects-presets": {
      "flake": false,
      "locked": {
        "lastModified": 1735809067,
        "narHash": "sha256-nXVtX0ju+Ckauo0o30Y+sfNZ/wrx3HXNCK05z7dLaFc=",
        "owner": "JackHack96",
        "repo": "EasyEffects-Presets",
        "rev": "069195c4e73d5ce94a87acb45903d18e05bffdcc",
        "type": "github"
      },
      "original": {
        "owner": "JackHack96",
        "repo": "EasyEffects-Presets",
        "type": "github"
      }
    },
    "git-hooks-nix": {
      "inputs": {
        "flake-compat": [],
        "gitignore": [],
        "nixpkgs": [
          "nixpkgs"
        ]
      },
      "locked": {
        "lastModified": 1763319842,
        "narHash": "sha256-YG19IyrTdnVn0l3DvcUYm85u3PaqBt6tI6VvolcuHnA=",
        "owner": "cachix",
        "repo": "git-hooks.nix",
        "rev": "7275fa67fbbb75891c16d9dee7d88e58aea2d761",
        "type": "github"
      },
      "original": {
        "owner": "cachix",
        "repo": "git-hooks.nix",
        "type": "github"
      }
    },
    "home-manager": {
      "inputs": {
        "nixpkgs": [
          "nixpkgs"
        ]
      },
      "locked": {
        "lastModified": 1763313531,
        "narHash": "sha256-yvdCYUL85zEDp2NzPUBmaNBXP6KnWEOhAk3j7PTfsKw=",
        "owner": "nix-community",
        "repo": "home-manager",
        "rev": "3670a78eee49deebe4825fc8ecc46b172d1a8391",
        "type": "github"
      },
      "original": {
        "owner": "nix-community",
        "ref": "master",
        "repo": "home-manager",
        "type": "github"
      }
    },
    "mysecrets": {
      "flake": false,
      "locked": {
        "lastModified": 1754637177,
        "narHash": "sha256-BKHIYYxgrta52Qts8qD1ZAMiUoQVrCE9aID5iuYAesc=",
        "ref": "refs/heads/main",
        "rev": "811cbd39710570c3c5a273ab5b6c5c0a5254bb9e",
        "shallow": true,
        "type": "git",
        "url": "ssh://git@github.com/sickle-phin/secrets-nix.git"
      },
      "original": {
        "shallow": true,
        "type": "git",
        "url": "ssh://git@github.com/sickle-phin/secrets-nix.git"
      }
    },
    "nix-index-database": {
      "inputs": {
        "nixpkgs": [
          "nixpkgs"
        ]
      },
      "locked": {
        "lastModified": 1763265660,
        "narHash": "sha256-Ad9Rd3ZAidrH01xP73S3CjPiyXo7ywZs3uCESjPwUdc=",
        "owner": "nix-community",
        "repo": "nix-index-database",
        "rev": "469ef53571ea80890c9497952787920c79c1ee6e",
        "type": "github"
      },
      "original": {
        "owner": "nix-community",
        "repo": "nix-index-database",
        "type": "github"
      }
    },
    "nixpkgs": {
      "locked": {
        "lastModified": 1763283776,
        "narHash": "sha256-q3IHets/BZS0GVc6FtV8xqWKSmYeh3ahVVdRMTQWXI8=",
        "rev": "50a96edd8d0db6cc8db57dab6bb6d6ee1f3dc49a",
        "type": "tarball",
        "url": "https://releases.nixos.org/nixos/unstable/nixos-25.11pre896953.50a96edd8d0d/nixexprs.tar.xz"
      },
      "original": {
        "type": "tarball",
        "url": "https://channels.nixos.org/nixos-unstable/nixexprs.tar.xz"
      }
    },
    "preservation": {
      "locked": {
        "lastModified": 1757436102,
        "narHash": "sha256-mMI9IanU+Xw+pVogD2oT0I2kTmvz2Un/Apc5+CwUpEY=",
        "owner": "nix-community",
        "repo": "preservation",
        "rev": "93416f4614ad2dfed5b0dcf12f27e57d27a5ab11",
        "type": "github"
      },
      "original": {
        "owner": "nix-community",
        "repo": "preservation",
        "type": "github"
      }
    },
    "root": {
      "inputs": {
        "agenix": "agenix",
        "dankMaterialShell": "dankMaterialShell",
        "dgop": "dgop",
        "dms-emoji-launcher": "dms-emoji-launcher",
        "dms-plugins": "dms-plugins",
        "dms-wallpaperengine": "dms-wallpaperengine",
        "easyeffects-presets": "easyeffects-presets",
        "git-hooks-nix": "git-hooks-nix",
        "home-manager": "home-manager",
        "mysecrets": "mysecrets",
        "nix-index-database": "nix-index-database",
        "nixpkgs": "nixpkgs",
        "preservation": "preservation",
        "wallpaper": "wallpaper",
        "wavefox": "wavefox",
        "yazi-flavors": "yazi-flavors"
      }
    },
    "systems": {
      "locked": {
        "lastModified": 1681028828,
        "narHash": "sha256-Vy1rq5AaRuLzOxct8nz4T6wlgyUR7zLU309k9mBC768=",
        "owner": "nix-systems",
        "repo": "default",
        "rev": "da67096a3b9bf56a91d16901293e51ba5b49a27e",
        "type": "github"
      },
      "original": {
        "owner": "nix-systems",
        "repo": "default",
        "type": "github"
      }
    },
    "wallpaper": {
      "flake": false,
      "locked": {
        "lastModified": 1748368722,
        "narHash": "sha256-QLQcQCCizN60JZ8or+z2vn7anJuj6xN0KYRLLgxc6Cs=",
        "ref": "refs/heads/main",
        "rev": "1a2e17b74d67946ae9b7774ab0e96d68564c759b",
        "revCount": 3,
        "type": "git",
        "url": "ssh://git@github.com/sickle-phin/wallpaper.git"
      },
      "original": {
        "type": "git",
        "url": "ssh://git@github.com/sickle-phin/wallpaper.git"
      }
    },
    "wavefox": {
      "flake": false,
      "locked": {
        "lastModified": 1762003615,
        "narHash": "sha256-qtQPDZJYZ0GCWflCs2PNrit+DrfyV2pvbCCTKoXiZ+0=",
        "owner": "QNetITQ",
        "repo": "WaveFox",
        "rev": "57fa6edfe6112dddf21633e63b9b80847428b7a5",
        "type": "github"
      },
      "original": {
        "owner": "QNetITQ",
        "repo": "WaveFox",
        "type": "github"
      }
    },
    "yazi-flavors": {
      "flake": false,
      "locked": {
        "lastModified": 1761204921,
        "narHash": "sha256-bavHcmeGZ49nNeM+0DSdKvxZDPVm3e6eaNmfmwfCid0=",
        "owner": "yazi-rs",
        "repo": "flavors",
        "rev": "f6b425a6d57af39c10ddfd94790759f4d7612332",
        "type": "github"
      },
      "original": {
        "owner": "yazi-rs",
        "repo": "flavors",
        "type": "github"
      }
    }
  },
  "root": "root",
  "version": 7
}
