{
  "nodes": {
    "agenix": {
      "inputs": {
        "darwin": [],
        "home-manager": [
          "home-manager"
        ],
        "nixpkgs": [
          "nixpkgs"
        ],
        "systems": "systems"
      },
      "locked": {
        "lastModified": 1770165109,
        "narHash": "sha256-9VnK6Oqai65puVJ4WYtCTvlJeXxMzAp/69HhQuTdl/I=",
        "owner": "ryantm",
        "repo": "agenix",
        "rev": "b027ee29d959fda4b60b57566d64c98a202e0feb",
        "type": "github"
      },
      "original": {
        "owner": "ryantm",
        "repo": "agenix",
        "type": "github"
      }
    },
    "dank-calendar": {
      "inputs": {
        "nixpkgs": [
          "nixpkgs"
        ]
      },
      "locked": {
        "lastModified": 1783046648,
        "narHash": "sha256-SNkBGEkksCPwU049QFBEJRR4Z2siGc08IYanQnQNees=",
        "owner": "AvengeMedia",
        "repo": "dankcalendar",
        "rev": "65f0fcdb5639cb0a02b4322cfee9a0d87b7f43a0",
        "type": "github"
      },
      "original": {
        "owner": "AvengeMedia",
        "repo": "dankcalendar",
        "type": "github"
      }
    },
    "dank-material-shell": {
      "inputs": {
        "flake-compat": [],
        "nixpkgs": [
          "nixpkgs"
        ]
      },
      "locked": {
        "lastModified": 1783312500,
        "narHash": "sha256-p8hDGzp02ZcRTMSEjrJguIO8ZNBaD61BlgESMJqhI9Q=",
        "owner": "AvengeMedia",
        "repo": "DankMaterialShell",
        "rev": "583e46f2f07714d968c6aadf3ddce604b287c7cf",
        "type": "github"
      },
      "original": {
        "owner": "AvengeMedia",
        "repo": "DankMaterialShell",
        "type": "github"
      }
    },
    "dms-plugin-registry": {
      "inputs": {
        "nixpkgs": [
          "nixpkgs"
        ]
      },
      "locked": {
        "lastModified": 1783319398,
        "narHash": "sha256-S5w0M3Z72GjjBqrq4f//d0P/HvGAzTwZNwnMJK2KELc=",
        "owner": "AvengeMedia",
        "repo": "dms-plugin-registry",
        "rev": "cebdfa3f614ee92dd50c9adb7c98beb89fc1984a",
        "type": "github"
      },
      "original": {
        "owner": "AvengeMedia",
        "repo": "dms-plugin-registry",
        "type": "github"
      }
    },
    "easyeffects-presets": {
      "flake": false,
      "locked": {
        "lastModified": 1780142087,
        "narHash": "sha256-JpQVWuEokBRu01xkGA22dPeV5Jo8Xzvfrg5oQ8RtIrI=",
        "owner": "JackHack96",
        "repo": "EasyEffects-Presets",
        "rev": "dd966e41ad9e44d4b11e19047f526ba718bbbe57",
        "type": "github"
      },
      "original": {
        "owner": "JackHack96",
        "repo": "EasyEffects-Presets",
        "type": "github"
      }
    },
    "git-hooks-nix": {
      "inputs": {
        "flake-compat": [],
        "nixpkgs": [
          "nixpkgs"
        ]
      },
      "locked": {
        "lastModified": 1783008725,
        "narHash": "sha256-jGiy6+sxjNWXSjp25uoJuNfyH9zBK1PEDY0lVoL4ibQ=",
        "owner": "cachix",
        "repo": "git-hooks.nix",
        "rev": "bca82caa46d5ec0f5d422c61fb1e30bc51313cbe",
        "type": "github"
      },
      "original": {
        "owner": "cachix",
        "repo": "git-hooks.nix",
        "type": "github"
      }
    },
    "home-manager": {
      "inputs": {
        "nixpkgs": [
          "nixpkgs"
        ]
      },
      "locked": {
        "lastModified": 1783222121,
        "narHash": "sha256-E/ElL373TO8lQ2aMvYyzN+k4xkVaUGoRqoa8AtM71tI=",
        "owner": "nix-community",
        "repo": "home-manager",
        "rev": "a1645f40777620c4bd2b6d854b290c2fc354a266",
        "type": "github"
      },
      "original": {
        "owner": "nix-community",
        "ref": "master",
        "repo": "home-manager",
        "type": "github"
      }
    },
    "matugen-themes": {
      "flake": false,
      "locked": {
        "lastModified": 1783253046,
        "narHash": "sha256-bNLrufKSLOdMSMHpaRC2r/aJb/trKltpAhcI6zG+o/w=",
        "owner": "InioX",
        "repo": "matugen-themes",
        "rev": "ac5cc44f63b08fc3f218021a78449d53c849d8a0",
        "type": "github"
      },
      "original": {
        "owner": "InioX",
        "repo": "matugen-themes",
        "type": "github"
      }
    },
    "mysecrets": {
      "flake": false,
      "locked": {
        "lastModified": 1754637177,
        "narHash": "sha256-BKHIYYxgrta52Qts8qD1ZAMiUoQVrCE9aID5iuYAesc=",
        "ref": "refs/heads/main",
        "rev": "811cbd39710570c3c5a273ab5b6c5c0a5254bb9e",
        "shallow": true,
        "type": "git",
        "url": "ssh://git@github.com/sickle-phin/secrets-nix.git"
      },
      "original": {
        "shallow": true,
        "type": "git",
        "url": "ssh://git@github.com/sickle-phin/secrets-nix.git"
      }
    },
    "nix-hazkey": {
      "inputs": {
        "home-manager": [
          "home-manager"
        ],
        "nixpkgs": [
          "nixpkgs"
        ]
      },
      "locked": {
        "lastModified": 1779529080,
        "narHash": "sha256-CHa5L3I71NbPUNJp1gmmwbh91tKsZPyuRK50mLHjAVY=",
        "owner": "aster-void",
        "repo": "nix-hazkey",
        "rev": "24cb2926666836988e78ceebeb67ad6c5a387ac3",
        "type": "github"
      },
      "original": {
        "owner": "aster-void",
        "repo": "nix-hazkey",
        "type": "github"
      }
    },
    "nix-index-database": {
      "inputs": {
        "nixpkgs": [
          "nixpkgs"
        ]
      },
      "locked": {
        "lastModified": 1783233851,
        "narHash": "sha256-jzisD+3wWZPC4QvAsKtYguiGsmlH2SN3Mjx5LWd68Ok=",
        "owner": "nix-community",
        "repo": "nix-index-database",
        "rev": "fab14c7b63499d57cb6673d5690168c3ec42b99a",
        "type": "github"
      },
      "original": {
        "owner": "nix-community",
        "repo": "nix-index-database",
        "type": "github"
      }
    },
    "nixpkgs": {
      "locked": {
        "lastModified": 1783224372,
        "narHash": "sha256-FGQ8TfSm9WviNE/fQAWsKs+y4GkX8fU4EScewpw54Y8=",
        "rev": "d407951447dcd00442e97087bf374aad70c04cea",
        "type": "tarball",
        "url": "https://releases.nixos.org/nixos/unstable/nixos-26.11pre1027867.d407951447dc/nixexprs.tar.xz"
      },
      "original": {
        "type": "tarball",
        "url": "https://channels.nixos.org/nixos-unstable/nixexprs.tar.xz"
      }
    },
    "preservation": {
      "locked": {
        "lastModified": 1757436102,
        "narHash": "sha256-mMI9IanU+Xw+pVogD2oT0I2kTmvz2Un/Apc5+CwUpEY=",
        "owner": "nix-community",
        "repo": "preservation",
        "rev": "93416f4614ad2dfed5b0dcf12f27e57d27a5ab11",
        "type": "github"
      },
      "original": {
        "owner": "nix-community",
        "repo": "preservation",
        "type": "github"
      }
    },
    "root": {
      "inputs": {
        "agenix": "agenix",
        "dank-calendar": "dank-calendar",
        "dank-material-shell": "dank-material-shell",
        "dms-plugin-registry": "dms-plugin-registry",
        "easyeffects-presets": "easyeffects-presets",
        "git-hooks-nix": "git-hooks-nix",
        "home-manager": "home-manager",
        "matugen-themes": "matugen-themes",
        "mysecrets": "mysecrets",
        "nix-hazkey": "nix-hazkey",
        "nix-index-database": "nix-index-database",
        "nixpkgs": "nixpkgs",
        "preservation": "preservation",
        "wallpaper": "wallpaper"
      }
    },
    "systems": {
      "locked": {
        "lastModified": 1681028828,
        "narHash": "sha256-Vy1rq5AaRuLzOxct8nz4T6wlgyUR7zLU309k9mBC768=",
        "owner": "nix-systems",
        "repo": "default",
        "rev": "da67096a3b9bf56a91d16901293e51ba5b49a27e",
        "type": "github"
      },
      "original": {
        "owner": "nix-systems",
        "repo": "default",
        "type": "github"
      }
    },
    "wallpaper": {
      "flake": false,
      "locked": {
        "lastModified": 1771687285,
        "narHash": "sha256-+TpSnX1RTUuiEVkugFkcTsjfDq62g3DzRXO7aoPLgOA=",
        "ref": "refs/heads/main",
        "rev": "a238210f7c0a1a4dddcc73bd1092dcf11a9b4977",
        "revCount": 4,
        "type": "git",
        "url": "ssh://git@github.com/sickle-phin/wallpaper.git"
      },
      "original": {
        "type": "git",
        "url": "ssh://git@github.com/sickle-phin/wallpaper.git"
      }
    }
  },
  "root": "root",
  "version": 7
}
