{
  "nodes": {
    "agenix": {
      "inputs": {
        "darwin": [],
        "home-manager": [
          "home-manager"
        ],
        "nixpkgs": [
          "nixpkgs"
        ],
        "systems": "systems"
      },
      "locked": {
        "lastModified": 1770165109,
        "narHash": "sha256-9VnK6Oqai65puVJ4WYtCTvlJeXxMzAp/69HhQuTdl/I=",
        "owner": "ryantm",
        "repo": "agenix",
        "rev": "b027ee29d959fda4b60b57566d64c98a202e0feb",
        "type": "github"
      },
      "original": {
        "owner": "ryantm",
        "repo": "agenix",
        "type": "github"
      }
    },
    "dank-calendar": {
      "inputs": {
        "nixpkgs": [
          "nixpkgs"
        ]
      },
      "locked": {
        "lastModified": 1783005453,
        "narHash": "sha256-5it/h/1y0FqSqsA1yqk3vm97sNbanZeWhXQjZtuSn9g=",
        "owner": "AvengeMedia",
        "repo": "dankcalendar",
        "rev": "8ed97711dde082790493629e4e6c93e0caa710f7",
        "type": "github"
      },
      "original": {
        "owner": "AvengeMedia",
        "repo": "dankcalendar",
        "type": "github"
      }
    },
    "dank-material-shell": {
      "inputs": {
        "flake-compat": [],
        "nixpkgs": [
          "nixpkgs"
        ]
      },
      "locked": {
        "lastModified": 1783013726,
        "narHash": "sha256-XDEDJp7S1di0G/vXBJmopae8nU4aM4Hx3bLNN4ODxrk=",
        "owner": "AvengeMedia",
        "repo": "DankMaterialShell",
        "rev": "ca050ace9c9b0c5a05670561c36a478782520b72",
        "type": "github"
      },
      "original": {
        "owner": "AvengeMedia",
        "repo": "DankMaterialShell",
        "type": "github"
      }
    },
    "dms-plugin-registry": {
      "inputs": {
        "nixpkgs": [
          "nixpkgs"
        ]
      },
      "locked": {
        "lastModified": 1782994433,
        "narHash": "sha256-36Wos6L9mJun4hbatFfjmsYOvhfkVIjAxYvG02v1y+I=",
        "owner": "AvengeMedia",
        "repo": "dms-plugin-registry",
        "rev": "7d78d48c03e8b5007a82b28a18d87c17b5d1c8ff",
        "type": "github"
      },
      "original": {
        "owner": "AvengeMedia",
        "repo": "dms-plugin-registry",
        "type": "github"
      }
    },
    "easyeffects-presets": {
      "flake": false,
      "locked": {
        "lastModified": 1780142087,
        "narHash": "sha256-JpQVWuEokBRu01xkGA22dPeV5Jo8Xzvfrg5oQ8RtIrI=",
        "owner": "JackHack96",
        "repo": "EasyEffects-Presets",
        "rev": "dd966e41ad9e44d4b11e19047f526ba718bbbe57",
        "type": "github"
      },
      "original": {
        "owner": "JackHack96",
        "repo": "EasyEffects-Presets",
        "type": "github"
      }
    },
    "git-hooks-nix": {
      "inputs": {
        "flake-compat": [],
        "nixpkgs": [
          "nixpkgs"
        ]
      },
      "locked": {
        "lastModified": 1783008725,
        "narHash": "sha256-jGiy6+sxjNWXSjp25uoJuNfyH9zBK1PEDY0lVoL4ibQ=",
        "owner": "cachix",
        "repo": "git-hooks.nix",
        "rev": "bca82caa46d5ec0f5d422c61fb1e30bc51313cbe",
        "type": "github"
      },
      "original": {
        "owner": "cachix",
        "repo": "git-hooks.nix",
        "type": "github"
      }
    },
    "home-manager": {
      "inputs": {
        "nixpkgs": [
          "nixpkgs"
        ]
      },
      "locked": {
        "lastModified": 1783005591,
        "narHash": "sha256-NcLHV5uBAeggDUE2wPbKszjfyaSLsoqaYt7izOphkZw=",
        "owner": "nix-community",
        "repo": "home-manager",
        "rev": "f469c79b955609d6a8fdd9e689be76a93b1621d7",
        "type": "github"
      },
      "original": {
        "owner": "nix-community",
        "ref": "master",
        "repo": "home-manager",
        "type": "github"
      }
    },
    "matugen-themes": {
      "flake": false,
      "locked": {
        "lastModified": 1781889675,
        "narHash": "sha256-LyQ5lrcmyf0+oR2TC8tLiMdsyGqL0N2BuGR0WZJl/D0=",
        "owner": "InioX",
        "repo": "matugen-themes",
        "rev": "5a3120f78d4c507ea05ce465a67407e9d1ccd69a",
        "type": "github"
      },
      "original": {
        "owner": "InioX",
        "repo": "matugen-themes",
        "type": "github"
      }
    },
    "mysecrets": {
      "flake": false,
      "locked": {
        "lastModified": 1754637177,
        "narHash": "sha256-BKHIYYxgrta52Qts8qD1ZAMiUoQVrCE9aID5iuYAesc=",
        "ref": "refs/heads/main",
        "rev": "811cbd39710570c3c5a273ab5b6c5c0a5254bb9e",
        "shallow": true,
        "type": "git",
        "url": "ssh://git@github.com/sickle-phin/secrets-nix.git"
      },
      "original": {
        "shallow": true,
        "type": "git",
        "url": "ssh://git@github.com/sickle-phin/secrets-nix.git"
      }
    },
    "nix-hazkey": {
      "inputs": {
        "home-manager": [
          "home-manager"
        ],
        "nixpkgs": [
          "nixpkgs"
        ]
      },
      "locked": {
        "lastModified": 1779529080,
        "narHash": "sha256-CHa5L3I71NbPUNJp1gmmwbh91tKsZPyuRK50mLHjAVY=",
        "owner": "aster-void",
        "repo": "nix-hazkey",
        "rev": "24cb2926666836988e78ceebeb67ad6c5a387ac3",
        "type": "github"
      },
      "original": {
        "owner": "aster-void",
        "repo": "nix-hazkey",
        "type": "github"
      }
    },
    "nix-index-database": {
      "inputs": {
        "nixpkgs": [
          "nixpkgs"
        ]
      },
      "locked": {
        "lastModified": 1782636943,
        "narHash": "sha256-ripjZa7BBLwL1uS5VJF3s/VpZpWt5ZIQEvkJ/FJNpQw=",
        "owner": "nix-community",
        "repo": "nix-index-database",
        "rev": "058b1f9381fa79fcda49982370a750ff92dbba43",
        "type": "github"
      },
      "original": {
        "owner": "nix-community",
        "repo": "nix-index-database",
        "type": "github"
      }
    },
    "nixpkgs": {
      "locked": {
        "lastModified": 1782723713,
        "narHash": "sha256-T6OhkwGyyGHer1lr4GkbOp//7ii23xLE7HuMmjrdkXI=",
        "rev": "b5aa0fbd538984f6e3d201be0005b4463d8b09f8",
        "type": "tarball",
        "url": "https://releases.nixos.org/nixos/unstable/nixos-26.11pre1024265.b5aa0fbd5389/nixexprs.tar.xz"
      },
      "original": {
        "type": "tarball",
        "url": "https://channels.nixos.org/nixos-unstable/nixexprs.tar.xz"
      }
    },
    "preservation": {
      "locked": {
        "lastModified": 1757436102,
        "narHash": "sha256-mMI9IanU+Xw+pVogD2oT0I2kTmvz2Un/Apc5+CwUpEY=",
        "owner": "nix-community",
        "repo": "preservation",
        "rev": "93416f4614ad2dfed5b0dcf12f27e57d27a5ab11",
        "type": "github"
      },
      "original": {
        "owner": "nix-community",
        "repo": "preservation",
        "type": "github"
      }
    },
    "root": {
      "inputs": {
        "agenix": "agenix",
        "dank-calendar": "dank-calendar",
        "dank-material-shell": "dank-material-shell",
        "dms-plugin-registry": "dms-plugin-registry",
        "easyeffects-presets": "easyeffects-presets",
        "git-hooks-nix": "git-hooks-nix",
        "home-manager": "home-manager",
        "matugen-themes": "matugen-themes",
        "mysecrets": "mysecrets",
        "nix-hazkey": "nix-hazkey",
        "nix-index-database": "nix-index-database",
        "nixpkgs": "nixpkgs",
        "preservation": "preservation",
        "wallpaper": "wallpaper"
      }
    },
    "systems": {
      "locked": {
        "lastModified": 1681028828,
        "narHash": "sha256-Vy1rq5AaRuLzOxct8nz4T6wlgyUR7zLU309k9mBC768=",
        "owner": "nix-systems",
        "repo": "default",
        "rev": "da67096a3b9bf56a91d16901293e51ba5b49a27e",
        "type": "github"
      },
      "original": {
        "owner": "nix-systems",
        "repo": "default",
        "type": "github"
      }
    },
    "wallpaper": {
      "flake": false,
      "locked": {
        "lastModified": 1771687285,
        "narHash": "sha256-+TpSnX1RTUuiEVkugFkcTsjfDq62g3DzRXO7aoPLgOA=",
        "ref": "refs/heads/main",
        "rev": "a238210f7c0a1a4dddcc73bd1092dcf11a9b4977",
        "revCount": 4,
        "type": "git",
        "url": "ssh://git@github.com/sickle-phin/wallpaper.git"
      },
      "original": {
        "type": "git",
        "url": "ssh://git@github.com/sickle-phin/wallpaper.git"
      }
    }
  },
  "root": "root",
  "version": 7
}
